{
  "object": {
    "pins": [
      {
        "package": "SmolWeatherLib",
        "repositoryURL": "https://github.com/jonasborsch/smol-weather-lib",
        "state": {
          "branch": "master",
          "revision": "306716f1a6ad8ed4eb13852de7ebbb594cb64b3c",
          "version": null
        }
      }
    ]
  },
  "version": 1
}
