{
  "object": {
    "pins": [
      {
        "package": "SmolWeatherLib",
        "repositoryURL": "https://github.com/jonasborsch/smol-weather-lib",
        "state": {
          "branch": "master",
          "revision": "013b0d9743a7c3de3ce7d3b836edc05a9c679862",
          "version": null
        }
      }
    ]
  },
  "version": 1
}
